<?xml version="1.0" encoding="utf-8"?>
<Project ToolsVersion="4.0" xmlns="http://schemas.microsoft.com/developer/msbuild/2003">
  <ItemGroup>
    <Filter Include="Source Files">
      <UniqueIdentifier>{4FC737F1-C7A5-4376-A066-2A32D752A2FF}</UniqueIdentifier>
      <Extensions>cpp;c;cc;cxx;c++;cppm;ixx;def;odl;idl;hpj;bat;asm;asmx</Extensions>
    </Filter>
    <Filter Include="Header Files">
      <UniqueIdentifier>{93995380-89BD-4b04-88EB-625FBE52EBFB}</UniqueIdentifier>
      <Extensions>h;hh;hpp;hxx;h++;hm;inl;inc;ipp;xsd</Extensions>
    </Filter>
    <Filter Include="Resource Files">
      <UniqueIdentifier>{67DA6AB6-F800-4c08-8B7A-83BB121AAD01}</UniqueIdentifier>
      <Extensions>rc;ico;cur;bmp;dlg;rc2;rct;bin;rgs;gif;jpg;jpeg;jpe;resx;tiff;tif;png;wav;mfcribbon-ms</Extensions>
    </Filter>
  </ItemGroup>
  <ItemGroup>
    <ResourceCompile Include="KeyControl.rc">
      <Filter>Resource Files</Filter>
    </ResourceCompile>
  </ItemGroup>
  <ItemGroup>
    <None Include="res\KeyControl.rc2">
      <Filter>Resource Files</Filter>
    </None>
  </ItemGroup>
  <ItemGroup>
    <Image Include="res\KeyControl.ico">
      <Filter>Resource Files</Filter>
    </Image>
    <Image Include="res\search.ico">
      <Filter>Resource Files</Filter>
    </Image>
    <Image Include="res\quit.ico">
      <Filter>Resource Files</Filter>
    </Image>
    <Image Include="res\play.ico">
      <Filter>Resource Files</Filter>
    </Image>
    <Image Include="res\stop.ico">
      <Filter>Resource Files</Filter>
    </Image>
    <Image Include="res\setting.ico">
      <Filter>Resource Files</Filter>
    </Image>
    <Image Include="res\red_setting.ico">
      <Filter>Resource Files</Filter>
    </Image>
    <Image Include="res\key_map.ico">
      <Filter>Resource Files</Filter>
    </Image>
    <Image Include="res\add.ico">
      <Filter>Resource Files</Filter>
    </Image>
    <Image Include="res\app_logo.ico">
      <Filter>Resource Files</Filter>
    </Image>
    <Image Include="res\logo.ico">
      <Filter>Resource Files</Filter>
    </Image>
  </ItemGroup>
  <ItemGroup>
    <ClCompile Include="source\ButtonUtils.cpp">
      <Filter>Source Files</Filter>
    </ClCompile>
    <ClCompile Include="source\CenteredEdit.cpp">
      <Filter>Source Files</Filter>
    </ClCompile>
    <ClCompile Include="source\ConfigFileHandler.cpp">
      <Filter>Source Files</Filter>
    </ClCompile>
    <ClCompile Include="source\CustomListBox.cpp">
      <Filter>Source Files</Filter>
    </ClCompile>
    <ClCompile Include="source\HotKeyData.cpp">
      <Filter>Source Files</Filter>
    </ClCompile>
    <ClCompile Include="source\HotKeyHandler.cpp">
      <Filter>Source Files</Filter>
    </ClCompile>
    <ClCompile Include="source\HotKeyPressManager.cpp">
      <Filter>Source Files</Filter>
    </ClCompile>
    <ClCompile Include="source\HotkeyRegistrar.cpp">
      <Filter>Source Files</Filter>
    </ClCompile>
    <ClCompile Include="source\InputKeyValues.cpp">
      <Filter>Source Files</Filter>
    </ClCompile>
    <ClCompile Include="source\InputKeyValuesGroup.cpp">
      <Filter>Source Files</Filter>
    </ClCompile>
    <ClCompile Include="source\KeyboardUtils.cpp">
      <Filter>Source Files</Filter>
    </ClCompile>
    <ClCompile Include="source\KeyControl.cpp">
      <Filter>Source Files</Filter>
    </ClCompile>
    <ClCompile Include="source\KeyControlDlg.cpp">
      <Filter>Source Files</Filter>
    </ClCompile>
    <ClCompile Include="source\MessageBoxUtil.cpp">
      <Filter>Source Files</Filter>
    </ClCompile>
    <ClCompile Include="source\MFCAdjustableIconButton.cpp">
      <Filter>Source Files</Filter>
    </ClCompile>
    <ClCompile Include="source\MFCDeleteButton.cpp">
      <Filter>Source Files</Filter>
    </ClCompile>
    <ClCompile Include="source\PinyinConverter.cpp">
      <Filter>Source Files</Filter>
    </ClCompile>
    <ClCompile Include="source\ProcessLauncher.cpp">
      <Filter>Source Files</Filter>
    </ClCompile>
    <ClCompile Include="source\SearchEdit.cpp">
      <Filter>Source Files</Filter>
    </ClCompile>
    <ClCompile Include="source\SettingsDlg.cpp">
      <Filter>Source Files</Filter>
    </ClCompile>
    <ClCompile Include="source\StringSorter.cpp">
      <Filter>Source Files</Filter>
    </ClCompile>
    <ClCompile Include="source\StringUtils.cpp">
      <Filter>Source Files</Filter>
    </ClCompile>
    <ClCompile Include="source\TransparentBgStatic.cpp">
      <Filter>Source Files</Filter>
    </ClCompile>
    <ClCompile Include="source\TrayIconManager.cpp">
      <Filter>Source Files</Filter>
    </ClCompile>
    <ClCompile Include="source\VkToAHKConverter.cpp">
      <Filter>Source Files</Filter>
    </ClCompile>
    <ClCompile Include="source\WindowUtils.cpp">
      <Filter>Source Files</Filter>
    </ClCompile>
    <ClCompile Include="source\pch.cpp">
      <Filter>Source Files</Filter>
    </ClCompile>
    <ClCompile Include="source\CIconStatic.cpp">
      <Filter>Source Files</Filter>
    </ClCompile>
  </ItemGroup>
  <ItemGroup>
    <ClInclude Include="source\ButtonUtils.h">
      <Filter>Header Files</Filter>
    </ClInclude>
    <ClInclude Include="source\CenteredEdit.h">
      <Filter>Header Files</Filter>
    </ClInclude>
    <ClInclude Include="source\ColorSettings.h">
      <Filter>Header Files</Filter>
    </ClInclude>
    <ClInclude Include="source\ConfigFileHandler.h">
      <Filter>Header Files</Filter>
    </ClInclude>
    <ClInclude Include="source\CustomListBox.h">
      <Filter>Header Files</Filter>
    </ClInclude>
    <ClInclude Include="source\framework.h">
      <Filter>Header Files</Filter>
    </ClInclude>
    <ClInclude Include="source\HotKeyData.h">
      <Filter>Header Files</Filter>
    </ClInclude>
    <ClInclude Include="source\HotKeyHandler.h">
      <Filter>Header Files</Filter>
    </ClInclude>
    <ClInclude Include="source\HotKeyPressManager.h">
      <Filter>Header Files</Filter>
    </ClInclude>
    <ClInclude Include="source\HotkeyRegistrar.h">
      <Filter>Header Files</Filter>
    </ClInclude>
    <ClInclude Include="source\InputKeyValues.h">
      <Filter>Header Files</Filter>
    </ClInclude>
    <ClInclude Include="source\InputKeyValuesGroup.h">
      <Filter>Header Files</Filter>
    </ClInclude>
    <ClInclude Include="source\KeyboardUtils.h">
      <Filter>Header Files</Filter>
    </ClInclude>
    <ClInclude Include="source\KeyControl.h">
      <Filter>Header Files</Filter>
    </ClInclude>
    <ClInclude Include="source\KeyControlDlg.h">
      <Filter>Header Files</Filter>
    </ClInclude>
    <ClInclude Include="source\MessageBoxUtil.h">
      <Filter>Header Files</Filter>
    </ClInclude>
    <ClInclude Include="source\MFCAdjustableIconButton.h">
      <Filter>Header Files</Filter>
    </ClInclude>
    <ClInclude Include="source\MFCDeleteButton.h">
      <Filter>Header Files</Filter>
    </ClInclude>
    <ClInclude Include="source\PinyinConverter.h">
      <Filter>Header Files</Filter>
    </ClInclude>
    <ClInclude Include="source\ProcessLauncher.h">
      <Filter>Header Files</Filter>
    </ClInclude>
    <ClInclude Include="source\resource.h">
      <Filter>Header Files</Filter>
    </ClInclude>
    <ClInclude Include="source\SearchEdit.h">
      <Filter>Header Files</Filter>
    </ClInclude>
    <ClInclude Include="source\SettingsDlg.h">
      <Filter>Header Files</Filter>
    </ClInclude>
    <ClInclude Include="source\StringSorter.h">
      <Filter>Header Files</Filter>
    </ClInclude>
    <ClInclude Include="source\StringUtils.h">
      <Filter>Header Files</Filter>
    </ClInclude>
    <ClInclude Include="source\targetver.h">
      <Filter>Header Files</Filter>
    </ClInclude>
    <ClInclude Include="source\TransparentBgStatic.h">
      <Filter>Header Files</Filter>
    </ClInclude>
    <ClInclude Include="source\TrayIconManager.h">
      <Filter>Header Files</Filter>
    </ClInclude>
    <ClInclude Include="source\VkToAHKConverter.h">
      <Filter>Header Files</Filter>
    </ClInclude>
    <ClInclude Include="source\WindowUtils.h">
      <Filter>Header Files</Filter>
    </ClInclude>
    <ClInclude Include="source\pch.h">
      <Filter>Header Files</Filter>
    </ClInclude>
    <ClInclude Include="source\CIconStatic.h">
      <Filter>Header Files</Filter>
    </ClInclude>
  </ItemGroup>
</Project>